
Microsoft Visual Studio Solution File, Format Version 12.00
# Visual Studio Version 17
VisualStudioVersion = 17.4.33213.308
MinimumVisualStudioVersion = 10.0.40219.1
Project("{FAE04EC0-301F-11D3-BF4B-00C04F79EFBC}") = "ExeAsService", "ExeAsService.csproj", "{1F47A2AA-70E4-4F82-AAEB-DFAAA1FBD868}"
EndProject
Project("{54435603-DBB4-11D2-8724-00A0C9A8B90C}") = "Fast Startup Installer", "..\Fast Startup Installer\Fast Startup Installer.vdproj", "{D5859438-A3CD-4B6E-80A4-74C6A41805DE}"
EndProject
Global
	GlobalSection(SolutionConfigurationPlatforms) = preSolution
		Debug|Any CPU = Debug|Any CPU
		Release|Any CPU = Release|Any CPU
	EndGlobalSection
	GlobalSection(ProjectConfigurationPlatforms) = postSolution
		{1F47A2AA-70E4-4F82-AAEB-DFAAA1FBD868}.Debug|Any CPU.ActiveCfg = Debug|Any CPU
		{1F47A2AA-70E4-4F82-AAEB-DFAAA1FBD868}.Debug|Any CPU.Build.0 = Debug|Any CPU
		{1F47A2AA-70E4-4F82-AAEB-DFAAA1FBD868}.Release|Any CPU.ActiveCfg = Release|Any CPU
		{1F47A2AA-70E4-4F82-AAEB-DFAAA1FBD868}.Release|Any CPU.Build.0 = Release|Any CPU
		{D5859438-A3CD-4B6E-80A4-74C6A41805DE}.Debug|Any CPU.ActiveCfg = Debug
		{D5859438-A3CD-4B6E-80A4-74C6A41805DE}.Release|Any CPU.ActiveCfg = Release
	EndGlobalSection
	GlobalSection(SolutionProperties) = preSolution
		HideSolutionNode = FALSE
	EndGlobalSection
	GlobalSection(ExtensibilityGlobals) = postSolution
		SolutionGuid = {267876B8-B620-4DB0-BA4F-B6C355776526}
	EndGlobalSection
EndGlobal
